
Microsoft Visual Studio Solution File, Format Version 12.00
# Visual Studio 15
VisualStudioVersion = 15.0.27130.2010
MinimumVisualStudioVersion = 10.0.40219.1
Project("{FAE04EC0-301F-11D3-BF4B-00C04F79EFBC}") = "YaifEncoder", "YaifEncoder\YaifEncoder.csproj", "{8C253545-D1F1-4627-B31C-7800976F12C9}"
EndProject
Project("{930C7802-8A8C-48F9-8165-68863BCCD9DD}") = "Setup", "Setup\Setup.wixproj", "{CC1D263F-B735-4AB9-84BC-81BD567F355E}"
EndProject
Global
	GlobalSection(SolutionConfigurationPlatforms) = preSolution
		Debug|x64 = Debug|x64
		Debug|x86 = Debug|x86
		Release|x64 = Release|x64
		Release|x86 = Release|x86
	EndGlobalSection
	GlobalSection(ProjectConfigurationPlatforms) = postSolution
		{8C253545-D1F1-4627-B31C-7800976F12C9}.Debug|x64.ActiveCfg = Debug|x64
		{8C253545-D1F1-4627-B31C-7800976F12C9}.Debug|x64.Build.0 = Debug|x64
		{8C253545-D1F1-4627-B31C-7800976F12C9}.Debug|x86.ActiveCfg = Debug|x64
		{8C253545-D1F1-4627-B31C-7800976F12C9}.Release|x64.ActiveCfg = Release|x64
		{8C253545-D1F1-4627-B31C-7800976F12C9}.Release|x64.Build.0 = Release|x64
		{8C253545-D1F1-4627-B31C-7800976F12C9}.Release|x86.ActiveCfg = Release|x86
		{8C253545-D1F1-4627-B31C-7800976F12C9}.Release|x86.Build.0 = Release|x86
		{CC1D263F-B735-4AB9-84BC-81BD567F355E}.Debug|x64.ActiveCfg = Debug|x86
		{CC1D263F-B735-4AB9-84BC-81BD567F355E}.Debug|x86.ActiveCfg = Debug|x86
		{CC1D263F-B735-4AB9-84BC-81BD567F355E}.Debug|x86.Build.0 = Debug|x86
		{CC1D263F-B735-4AB9-84BC-81BD567F355E}.Release|x64.ActiveCfg = Release|x86
		{CC1D263F-B735-4AB9-84BC-81BD567F355E}.Release|x64.Build.0 = Release|x86
		{CC1D263F-B735-4AB9-84BC-81BD567F355E}.Release|x86.ActiveCfg = Release|x86
		{CC1D263F-B735-4AB9-84BC-81BD567F355E}.Release|x86.Build.0 = Release|x86
	EndGlobalSection
	GlobalSection(SolutionProperties) = preSolution
		HideSolutionNode = FALSE
	EndGlobalSection
	GlobalSection(ExtensibilityGlobals) = postSolution
		SolutionGuid = {6D418B2D-04E1-499D-B1F4-62EF605687B7}
	EndGlobalSection
EndGlobal
