
Microsoft Visual Studio Solution File, Format Version 12.00
# Visual Studio 15
VisualStudioVersion = 15.0.27130.2010
MinimumVisualStudioVersion = 10.0.40219.1
Project("{FAE04EC0-301F-11D3-BF4B-00C04F79EFBC}") = "YaifEncoder", "YaifEncoder\YaifEncoder.csproj", "{8C253545-D1F1-4627-B31C-7800976F12C9}"
EndProject
Project("{54435603-DBB4-11D2-8724-00A0C9A8B90C}") = "Setup", "Setup\Setup.vdproj", "{471C84C1-5261-45D4-9785-59E66BF8E3F3}"
EndProject
Global
	GlobalSection(SolutionConfigurationPlatforms) = preSolution
		Debug|Any CPU = Debug|Any CPU
		Release|Any CPU = Release|Any CPU
	EndGlobalSection
	GlobalSection(ProjectConfigurationPlatforms) = postSolution
		{8C253545-D1F1-4627-B31C-7800976F12C9}.Debug|Any CPU.ActiveCfg = Debug|Any CPU
		{8C253545-D1F1-4627-B31C-7800976F12C9}.Debug|Any CPU.Build.0 = Debug|Any CPU
		{8C253545-D1F1-4627-B31C-7800976F12C9}.Release|Any CPU.ActiveCfg = Release|Any CPU
		{8C253545-D1F1-4627-B31C-7800976F12C9}.Release|Any CPU.Build.0 = Release|Any CPU
		{471C84C1-5261-45D4-9785-59E66BF8E3F3}.Debug|Any CPU.ActiveCfg = Debug
		{471C84C1-5261-45D4-9785-59E66BF8E3F3}.Release|Any CPU.ActiveCfg = Release
	EndGlobalSection
	GlobalSection(SolutionProperties) = preSolution
		HideSolutionNode = FALSE
	EndGlobalSection
	GlobalSection(ExtensibilityGlobals) = postSolution
		SolutionGuid = {6D418B2D-04E1-499D-B1F4-62EF605687B7}
	EndGlobalSection
EndGlobal
